
Microsoft Visual Studio Solution File, Format Version 12.00
# Visual Studio Version 17
VisualStudioVersion = 17.0.31919.166
MinimumVisualStudioVersion = 10.0.40219.1
Project("{FAE04EC0-301F-11D3-BF4B-00C04F79EFBC}") = "Oauth20jwt", "Oauth20jwt\Oauth20jwt.csproj", "{96D76995-AF83-4A4C-A5CF-23B541AC8CD9}"
EndProject
Global
	GlobalSection(SolutionConfigurationPlatforms) = preSolution
		Debug|Any CPU = Debug|Any CPU
		Release|Any CPU = Release|Any CPU
	EndGlobalSection
	GlobalSection(ProjectConfigurationPlatforms) = postSolution
		{96D76995-AF83-4A4C-A5CF-23B541AC8CD9}.Debug|Any CPU.ActiveCfg = Debug|Any CPU
		{96D76995-AF83-4A4C-A5CF-23B541AC8CD9}.Debug|Any CPU.Build.0 = Debug|Any CPU
		{96D76995-AF83-4A4C-A5CF-23B541AC8CD9}.Release|Any CPU.ActiveCfg = Release|Any CPU
		{96D76995-AF83-4A4C-A5CF-23B541AC8CD9}.Release|Any CPU.Build.0 = Release|Any CPU
	EndGlobalSection
	GlobalSection(SolutionProperties) = preSolution
		HideSolutionNode = FALSE
	EndGlobalSection
	GlobalSection(ExtensibilityGlobals) = postSolution
		SolutionGuid = {E146379A-EF64-4911-ACD2-40A199389D2D}
	EndGlobalSection
EndGlobal
